// !$*UTF8*$!
{
	archiveVersion = 1;
	classes = {
	};
	objectVersion = 46;
	objects = {

/* Begin PBXBuildFile section */
		1F2D2D9D885F34B861DD4245 /* Pods_Purring_CatsTests.framework in Frameworks */ = {isa = PBXBuildFile; fileRef = E4BB332C0699CE07C57204D2 /* Pods_Purring_CatsTests.framework */; };
		22366A6E1F2AE95500A98F5F /* AppDelegate.swift in Sources */ = {isa = PBXBuildFile; fileRef = 22366A6D1F2AE95500A98F5F /* AppDelegate.swift */; };
		22366A701F2AE95500A98F5F /* ViewController.swift in Sources */ = {isa = PBXBuildFile; fileRef = 22366A6F1F2AE95500A98F5F /* ViewController.swift */; };
		22366A731F2AE95500A98F5F /* Main.storyboard in Resources */ = {isa = PBXBuildFile; fileRef = 22366A711F2AE95500A98F5F /* Main.storyboard */; };
		22366A761F2AE95500A98F5F /* Purring_Cats.xcdatamodeld in Sources */ = {isa = PBXBuildFile; fileRef = 22366A741F2AE95500A98F5F /* Purring_Cats.xcdatamodeld */; };
		22366A781F2AE95500A98F5F /* Assets.xcassets in Resources */ = {isa = PBXBuildFile; fileRef = 22366A771F2AE95500A98F5F /* Assets.xcassets */; };
		22366A7B1F2AE95500A98F5F /* LaunchScreen.storyboard in Resources */ = {isa = PBXBuildFile; fileRef = 22366A791F2AE95500A98F5F /* LaunchScreen.storyboard */; };
		22366A861F2AE95500A98F5F /* Purring_CatsTests.swift in Sources */ = {isa = PBXBuildFile; fileRef = 22366A851F2AE95500A98F5F /* Purring_CatsTests.swift */; };
		22366A911F2AE95500A98F5F /* Purring_CatsUITests.swift in Sources */ = {isa = PBXBuildFile; fileRef = 22366A901F2AE95500A98F5F /* Purring_CatsUITests.swift */; };
		22366A9F1F2AEBC400A98F5F /* Grumpy Cat.jpg in Resources */ = {isa = PBXBuildFile; fileRef = 22366A9E1F2AEBC400A98F5F /* Grumpy Cat.jpg */; };
		22366AA51F2AEFA100A98F5F /* Cat-noises.mp3 in Resources */ = {isa = PBXBuildFile; fileRef = 22366AA11F2AEFA100A98F5F /* Cat-noises.mp3 */; };
		22366AA61F2AEFA100A98F5F /* Cute-kitty-meowing.mp3 in Resources */ = {isa = PBXBuildFile; fileRef = 22366AA21F2AEFA100A98F5F /* Cute-kitty-meowing.mp3 */; };
		22366AA71F2AEFA100A98F5F /* Kitty-noises.mp3 in Resources */ = {isa = PBXBuildFile; fileRef = 22366AA31F2AEFA100A98F5F /* Kitty-noises.mp3 */; };
		22366AA81F2AEFA100A98F5F /* Meowing-sound.wav in Resources */ = {isa = PBXBuildFile; fileRef = 22366AA41F2AEFA100A98F5F /* Meowing-sound.wav */; };
		24285F42804C2B0957FB3603 /* Pods_Purring_CatsUITests.framework in Frameworks */ = {isa = PBXBuildFile; fileRef = AFDD360E14BC0926C18C6033 /* Pods_Purring_CatsUITests.framework */; };
		27640CE0FE292AD614B2CFED /* Pods_Purring_Cats.framework in Frameworks */ = {isa = PBXBuildFile; fileRef = 9243B8122DA2BA9BD0B2D8A1 /* Pods_Purring_Cats.framework */; };
/* End PBXBuildFile section */

/* Begin PBXContainerItemProxy section */
		22366A821F2AE95500A98F5F /* PBXContainerItemProxy */ = {
			isa = PBXContainerItemProxy;
			containerPortal = 22366A621F2AE95500A98F5F /* Project object */;
			proxyType = 1;
			remoteGlobalIDString = 22366A691F2AE95500A98F5F;
			remoteInfo = "Purring Cats";
		};
		22366A8D1F2AE95500A98F5F /* PBXContainerItemProxy */ = {
			isa = PBXContainerItemProxy;
			containerPortal = 22366A621F2AE95500A98F5F /* Project object */;
			proxyType = 1;
			remoteGlobalIDString = 22366A691F2AE95500A98F5F;
			remoteInfo = "Purring Cats";
		};
/* End PBXContainerItemProxy section */

/* Begin PBXFileReference section */
		0ED952C81E51F2C3E954F84E /* Pods-Purring Cats.release.xcconfig */ = {isa = PBXFileReference; includeInIndex = 1; lastKnownFileType = text.xcconfig; name = "Pods-Purring Cats.release.xcconfig"; path = "Pods/Target Support Files/Pods-Purring Cats/Pods-Purring Cats.release.xcconfig"; sourceTree = "<group>"; };
		22366A6A1F2AE95500A98F5F /* Purring Cats.app */ = {isa = PBXFileReference; explicitFileType = wrapper.application; includeInIndex = 0; path = "Purring Cats.app"; sourceTree = BUILT_PRODUCTS_DIR; };
		22366A6D1F2AE95500A98F5F /* AppDelegate.swift */ = {isa = PBXFileReference; lastKnownFileType = sourcecode.swift; path = AppDelegate.swift; sourceTree = "<group>"; };
		22366A6F1F2AE95500A98F5F /* ViewController.swift */ = {isa = PBXFileReference; lastKnownFileType = sourcecode.swift; path = ViewController.swift; sourceTree = "<group>"; };
		22366A721F2AE95500A98F5F /* Base */ = {isa = PBXFileReference; lastKnownFileType = file.storyboard; name = Base; path = Base.lproj/Main.storyboard; sourceTree = "<group>"; };
		22366A751F2AE95500A98F5F /* Purring_Cats.xcdatamodel */ = {isa = PBXFileReference; lastKnownFileType = wrapper.xcdatamodel; path = Purring_Cats.xcdatamodel; sourceTree = "<group>"; };
		22366A771F2AE95500A98F5F /* Assets.xcassets */ = {isa = PBXFileReference; lastKnownFileType = folder.assetcatalog; path = Assets.xcassets; sourceTree = "<group>"; };
		22366A7A1F2AE95500A98F5F /* Base */ = {isa = PBXFileReference; lastKnownFileType = file.storyboard; name = Base; path = Base.lproj/LaunchScreen.storyboard; sourceTree = "<group>"; };
		22366A7C1F2AE95500A98F5F /* Info.plist */ = {isa = PBXFileReference; lastKnownFileType = text.plist.xml; path = Info.plist; sourceTree = "<group>"; };
		22366A811F2AE95500A98F5F /* Purring CatsTests.xctest */ = {isa = PBXFileReference; explicitFileType = wrapper.cfbundle; includeInIndex = 0; path = "Purring CatsTests.xctest"; sourceTree = BUILT_PRODUCTS_DIR; };
		22366A851F2AE95500A98F5F /* Purring_CatsTests.swift */ = {isa = PBXFileReference; lastKnownFileType = sourcecode.swift; path = Purring_CatsTests.swift; sourceTree = "<group>"; };
		22366A871F2AE95500A98F5F /* Info.plist */ = {isa = PBXFileReference; lastKnownFileType = text.plist.xml; path = Info.plist; sourceTree = "<group>"; };
		22366A8C1F2AE95500A98F5F /* Purring CatsUITests.xctest */ = {isa = PBXFileReference; explicitFileType = wrapper.cfbundle; includeInIndex = 0; path = "Purring CatsUITests.xctest"; sourceTree = BUILT_PRODUCTS_DIR; };
		22366A901F2AE95500A98F5F /* Purring_CatsUITests.swift */ = {isa = PBXFileReference; lastKnownFileType = sourcecode.swift; path = Purring_CatsUITests.swift; sourceTree = "<group>"; };
		22366A921F2AE95500A98F5F /* Info.plist */ = {isa = PBXFileReference; lastKnownFileType = text.plist.xml; path = Info.plist; sourceTree = "<group>"; };
		22366A9E1F2AEBC400A98F5F /* Grumpy Cat.jpg */ = {isa = PBXFileReference; lastKnownFileType = image.jpeg; path = "Grumpy Cat.jpg"; sourceTree = SOURCE_ROOT; };
		22366AA11F2AEFA100A98F5F /* Cat-noises.mp3 */ = {isa = PBXFileReference; lastKnownFileType = audio.mp3; name = "Cat-noises.mp3"; path = "Sounds/Cat-noises.mp3"; sourceTree = SOURCE_ROOT; };
		22366AA21F2AEFA100A98F5F /* Cute-kitty-meowing.mp3 */ = {isa = PBXFileReference; lastKnownFileType = audio.mp3; name = "Cute-kitty-meowing.mp3"; path = "Sounds/Cute-kitty-meowing.mp3"; sourceTree = SOURCE_ROOT; };
		22366AA31F2AEFA100A98F5F /* Kitty-noises.mp3 */ = {isa = PBXFileReference; lastKnownFileType = audio.mp3; name = "Kitty-noises.mp3"; path = "Sounds/Kitty-noises.mp3"; sourceTree = SOURCE_ROOT; };
		22366AA41F2AEFA100A98F5F /* Meowing-sound.wav */ = {isa = PBXFileReference; lastKnownFileType = audio.wav; name = "Meowing-sound.wav"; path = "Sounds/Meowing-sound.wav"; sourceTree = SOURCE_ROOT; };
		43447D61BC0233B6F294ADAD /* Pods-Purring Cats.debug.xcconfig */ = {isa = PBXFileReference; includeInIndex = 1; lastKnownFileType = text.xcconfig; name = "Pods-Purring Cats.debug.xcconfig"; path = "Pods/Target Support Files/Pods-Purring Cats/Pods-Purring Cats.debug.xcconfig"; sourceTree = "<group>"; };
		9243B8122DA2BA9BD0B2D8A1 /* Pods_Purring_Cats.framework */ = {isa = PBXFileReference; explicitFileType = wrapper.framework; includeInIndex = 0; path = Pods_Purring_Cats.framework; sourceTree = BUILT_PRODUCTS_DIR; };
		A2092A85EFAE1CAF2E5727A1 /* Pods-Purring CatsUITests.release.xcconfig */ = {isa = PBXFileReference; includeInIndex = 1; lastKnownFileType = text.xcconfig; name = "Pods-Purring CatsUITests.release.xcconfig"; path = "Pods/Target Support Files/Pods-Purring CatsUITests/Pods-Purring CatsUITests.release.xcconfig"; sourceTree = "<group>"; };
		AFDD360E14BC0926C18C6033 /* Pods_Purring_CatsUITests.framework */ = {isa = PBXFileReference; explicitFileType = wrapper.framework; includeInIndex = 0; path = Pods_Purring_CatsUITests.framework; sourceTree = BUILT_PRODUCTS_DIR; };
		BD8A4FD971300EB8C6025A44 /* Pods-Purring CatsUITests.debug.xcconfig */ = {isa = PBXFileReference; includeInIndex = 1; lastKnownFileType = text.xcconfig; name = "Pods-Purring CatsUITests.debug.xcconfig"; path = "Pods/Target Support Files/Pods-Purring CatsUITests/Pods-Purring CatsUITests.debug.xcconfig"; sourceTree = "<group>"; };
		DC480F20F21D5EB1B09E37E5 /* Pods-Purring CatsTests.release.xcconfig */ = {isa = PBXFileReference; includeInIndex = 1; lastKnownFileType = text.xcconfig; name = "Pods-Purring CatsTests.release.xcconfig"; path = "Pods/Target Support Files/Pods-Purring CatsTests/Pods-Purring CatsTests.release.xcconfig"; sourceTree = "<group>"; };
		E4BB332C0699CE07C57204D2 /* Pods_Purring_CatsTests.framework */ = {isa = PBXFileReference; explicitFileType = wrapper.framework; includeInIndex = 0; path = Pods_Purring_CatsTests.framework; sourceTree = BUILT_PRODUCTS_DIR; };
		ECB984B04B1179C5688ADE83 /* Pods-Purring CatsTests.debug.xcconfig */ = {isa = PBXFileReference; includeInIndex = 1; lastKnownFileType = text.xcconfig; name = "Pods-Purring CatsTests.debug.xcconfig"; path = "Pods/Target Support Files/Pods-Purring CatsTests/Pods-Purring CatsTests.debug.xcconfig"; sourceTree = "<group>"; };
/* End PBXFileReference section */

/* Begin PBXFrameworksBuildPhase section */
		22366A671F2AE95500A98F5F /* Frameworks */ = {
			isa = PBXFrameworksBuildPhase;
			buildActionMask = 2147483647;
			files = (
				27640CE0FE292AD614B2CFED /* Pods_Purring_Cats.framework in Frameworks */,
			);
			runOnlyForDeploymentPostprocessing = 0;
		};
		22366A7E1F2AE95500A98F5F /* Frameworks */ = {
			isa = PBXFrameworksBuildPhase;
			buildActionMask = 2147483647;
			files = (
				1F2D2D9D885F34B861DD4245 /* Pods_Purring_CatsTests.framework in Frameworks */,
			);
			runOnlyForDeploymentPostprocessing = 0;
		};
		22366A891F2AE95500A98F5F /* Frameworks */ = {
			isa = PBXFrameworksBuildPhase;
			buildActionMask = 2147483647;
			files = (
				24285F42804C2B0957FB3603 /* Pods_Purring_CatsUITests.framework in Frameworks */,
			);
			runOnlyForDeploymentPostprocessing = 0;
		};
/* End PBXFrameworksBuildPhase section */

/* Begin PBXGroup section */
		22366A611F2AE95500A98F5F = {
			isa = PBXGroup;
			children = (
				22366A6C1F2AE95500A98F5F /* Purring Cats */,
				22366A841F2AE95500A98F5F /* Purring CatsTests */,
				22366A8F1F2AE95500A98F5F /* Purring CatsUITests */,
				22366A6B1F2AE95500A98F5F /* Products */,
				8CE549B4412997CDE90DBF76 /* Pods */,
				E259491BA66A1D3ED553D93D /* Frameworks */,
			);
			sourceTree = "<group>";
		};
		22366A6B1F2AE95500A98F5F /* Products */ = {
			isa = PBXGroup;
			children = (
				22366A6A1F2AE95500A98F5F /* Purring Cats.app */,
				22366A811F2AE95500A98F5F /* Purring CatsTests.xctest */,
				22366A8C1F2AE95500A98F5F /* Purring CatsUITests.xctest */,
			);
			name = Products;
			sourceTree = "<group>";
		};
		22366A6C1F2AE95500A98F5F /* Purring Cats */ = {
			isa = PBXGroup;
			children = (
				22366AA01F2AEF2600A98F5F /* Sounds */,
				22366A6D1F2AE95500A98F5F /* AppDelegate.swift */,
				22366A6F1F2AE95500A98F5F /* ViewController.swift */,
				22366A711F2AE95500A98F5F /* Main.storyboard */,
				22366A771F2AE95500A98F5F /* Assets.xcassets */,
				22366A9E1F2AEBC400A98F5F /* Grumpy Cat.jpg */,
				22366A791F2AE95500A98F5F /* LaunchScreen.storyboard */,
				22366A7C1F2AE95500A98F5F /* Info.plist */,
				22366A741F2AE95500A98F5F /* Purring_Cats.xcdatamodeld */,
			);
			path = "Purring Cats";
			sourceTree = "<group>";
		};
		22366A841F2AE95500A98F5F /* Purring CatsTests */ = {
			isa = PBXGroup;
			children = (
				22366A851F2AE95500A98F5F /* Purring_CatsTests.swift */,
				22366A871F2AE95500A98F5F /* Info.plist */,
			);
			path = "Purring CatsTests";
			sourceTree = "<group>";
		};
		22366A8F1F2AE95500A98F5F /* Purring CatsUITests */ = {
			isa = PBXGroup;
			children = (
				22366A901F2AE95500A98F5F /* Purring_CatsUITests.swift */,
				22366A921F2AE95500A98F5F /* Info.plist */,
			);
			path = "Purring CatsUITests";
			sourceTree = "<group>";
		};
		22366AA01F2AEF2600A98F5F /* Sounds */ = {
			isa = PBXGroup;
			children = (
				22366AA11F2AEFA100A98F5F /* Cat-noises.mp3 */,
				22366AA21F2AEFA100A98F5F /* Cute-kitty-meowing.mp3 */,
				22366AA31F2AEFA100A98F5F /* Kitty-noises.mp3 */,
				22366AA41F2AEFA100A98F5F /* Meowing-sound.wav */,
			);
			name = Sounds;
			sourceTree = "<group>";
		};
		8CE549B4412997CDE90DBF76 /* Pods */ = {
			isa = PBXGroup;
			children = (
				43447D61BC0233B6F294ADAD /* Pods-Purring Cats.debug.xcconfig */,
				0ED952C81E51F2C3E954F84E /* Pods-Purring Cats.release.xcconfig */,
				ECB984B04B1179C5688ADE83 /* Pods-Purring CatsTests.debug.xcconfig */,
				DC480F20F21D5EB1B09E37E5 /* Pods-Purring CatsTests.release.xcconfig */,
				BD8A4FD971300EB8C6025A44 /* Pods-Purring CatsUITests.debug.xcconfig */,
				A2092A85EFAE1CAF2E5727A1 /* Pods-Purring CatsUITests.release.xcconfig */,
			);
			name = Pods;
			sourceTree = "<group>";
		};
		E259491BA66A1D3ED553D93D /* Frameworks */ = {
			isa = PBXGroup;
			children = (
				9243B8122DA2BA9BD0B2D8A1 /* Pods_Purring_Cats.framework */,
				E4BB332C0699CE07C57204D2 /* Pods_Purring_CatsTests.framework */,
				AFDD360E14BC0926C18C6033 /* Pods_Purring_CatsUITests.framework */,
			);
			name = Frameworks;
			sourceTree = "<group>";
		};
/* End PBXGroup section */

/* Begin PBXNativeTarget section */
		22366A691F2AE95500A98F5F /* Purring Cats */ = {
			isa = PBXNativeTarget;
			buildConfigurationList = 22366A951F2AE95500A98F5F /* Build configuration list for PBXNativeTarget "Purring Cats" */;
			buildPhases = (
				8F516CF06C7AB82CAB494BC2 /* [CP] Check Pods Manifest.lock */,
				22366A661F2AE95500A98F5F /* Sources */,
				22366A671F2AE95500A98F5F /* Frameworks */,
				22366A681F2AE95500A98F5F /* Resources */,
				54CFB29E949AEA91CA08E7C6 /* [CP] Embed Pods Frameworks */,
				B2DB086D458EE0D6F8E59973 /* [CP] Copy Pods Resources */,
			);
			buildRules = (
			);
			dependencies = (
			);
			name = "Purring Cats";
			productName = "Purring Cats";
			productReference = 22366A6A1F2AE95500A98F5F /* Purring Cats.app */;
			productType = "com.apple.product-type.application";
		};
		22366A801F2AE95500A98F5F /* Purring CatsTests */ = {
			isa = PBXNativeTarget;
			buildConfigurationList = 22366A981F2AE95500A98F5F /* Build configuration list for PBXNativeTarget "Purring CatsTests" */;
			buildPhases = (
				5DBF920A4BB62093F61D9C55 /* [CP] Check Pods Manifest.lock */,
				22366A7D1F2AE95500A98F5F /* Sources */,
				22366A7E1F2AE95500A98F5F /* Frameworks */,
				22366A7F1F2AE95500A98F5F /* Resources */,
				35B3F5B917834FA86D2F648C /* [CP] Embed Pods Frameworks */,
				DE4F40D4E23AEADE2E97C1B8 /* [CP] Copy Pods Resources */,
			);
			buildRules = (
			);
			dependencies = (
				22366A831F2AE95500A98F5F /* PBXTargetDependency */,
			);
			name = "Purring CatsTests";
			productName = "Purring CatsTests";
			productReference = 22366A811F2AE95500A98F5F /* Purring CatsTests.xctest */;
			productType = "com.apple.product-type.bundle.unit-test";
		};
		22366A8B1F2AE95500A98F5F /* Purring CatsUITests */ = {
			isa = PBXNativeTarget;
			buildConfigurationList = 22366A9B1F2AE95500A98F5F /* Build configuration list for PBXNativeTarget "Purring CatsUITests" */;
			buildPhases = (
				5E31BE043B9C4F543BEB4790 /* [CP] Check Pods Manifest.lock */,
				22366A881F2AE95500A98F5F /* Sources */,
				22366A891F2AE95500A98F5F /* Frameworks */,
				22366A8A1F2AE95500A98F5F /* Resources */,
				303BFAC879A321BB43B11BA1 /* [CP] Embed Pods Frameworks */,
				B4A24A219942D35EE8155AF8 /* [CP] Copy Pods Resources */,
			);
			buildRules = (
			);
			dependencies = (
				22366A8E1F2AE95500A98F5F /* PBXTargetDependency */,
			);
			name = "Purring CatsUITests";
			productName = "Purring CatsUITests";
			productReference = 22366A8C1F2AE95500A98F5F /* Purring CatsUITests.xctest */;
			productType = "com.apple.product-type.bundle.ui-testing";
		};
/* End PBXNativeTarget section */

/* Begin PBXProject section */
		22366A621F2AE95500A98F5F /* Project object */ = {
			isa = PBXProject;
			attributes = {
				LastSwiftUpdateCheck = 0830;
				LastUpgradeCheck = 0830;
				ORGANIZATIONNAME = freshsneezes;
				TargetAttributes = {
					22366A691F2AE95500A98F5F = {
						CreatedOnToolsVersion = 8.3.3;
						ProvisioningStyle = Automatic;
					};
					22366A801F2AE95500A98F5F = {
						CreatedOnToolsVersion = 8.3.3;
						ProvisioningStyle = Automatic;
						TestTargetID = 22366A691F2AE95500A98F5F;
					};
					22366A8B1F2AE95500A98F5F = {
						CreatedOnToolsVersion = 8.3.3;
						ProvisioningStyle = Automatic;
						TestTargetID = 22366A691F2AE95500A98F5F;
					};
				};
			};
			buildConfigurationList = 22366A651F2AE95500A98F5F /* Build configuration list for PBXProject "Purring Cats" */;
			compatibilityVersion = "Xcode 3.2";
			developmentRegion = English;
			hasScannedForEncodings = 0;
			knownRegions = (
				en,
				Base,
			);
			mainGroup = 22366A611F2AE95500A98F5F;
			productRefGroup = 22366A6B1F2AE95500A98F5F /* Products */;
			projectDirPath = "";
			projectRoot = "";
			targets = (
				22366A691F2AE95500A98F5F /* Purring Cats */,
				22366A801F2AE95500A98F5F /* Purring CatsTests */,
				22366A8B1F2AE95500A98F5F /* Purring CatsUITests */,
			);
		};
/* End PBXProject section */

/* Begin PBXResourcesBuildPhase section */
		22366A681F2AE95500A98F5F /* Resources */ = {
			isa = PBXResourcesBuildPhase;
			buildActionMask = 2147483647;
			files = (
				22366A7B1F2AE95500A98F5F /* LaunchScreen.storyboard in Resources */,
				22366AA81F2AEFA100A98F5F /* Meowing-sound.wav in Resources */,
				22366A9F1F2AEBC400A98F5F /* Grumpy Cat.jpg in Resources */,
				22366AA51F2AEFA100A98F5F /* Cat-noises.mp3 in Resources */,
				22366AA71F2AEFA100A98F5F /* Kitty-noises.mp3 in Resources */,
				22366A781F2AE95500A98F5F /* Assets.xcassets in Resources */,
				22366AA61F2AEFA100A98F5F /* Cute-kitty-meowing.mp3 in Resources */,
				22366A731F2AE95500A98F5F /* Main.storyboard in Resources */,
			);
			runOnlyForDeploymentPostprocessing = 0;
		};
		22366A7F1F2AE95500A98F5F /* Resources */ = {
			isa = PBXResourcesBuildPhase;
			buildActionMask = 2147483647;
			files = (
			);
			runOnlyForDeploymentPostprocessing = 0;
		};
		22366A8A1F2AE95500A98F5F /* Resources */ = {
			isa = PBXResourcesBuildPhase;
			buildActionMask = 2147483647;
			files = (
			);
			runOnlyForDeploymentPostprocessing = 0;
		};
/* End PBXResourcesBuildPhase section */

/* Begin PBXShellScriptBuildPhase section */
		303BFAC879A321BB43B11BA1 /* [CP] Embed Pods Frameworks */ = {
			isa = PBXShellScriptBuildPhase;
			buildActionMask = 2147483647;
			files = (
			);
			inputPaths = (
			);
			name = "[CP] Embed Pods Frameworks";
			outputPaths = (
			);
			runOnlyForDeploymentPostprocessing = 0;
			shellPath = /bin/sh;
			shellScript = "\"${SRCROOT}/Pods/Target Support Files/Pods-Purring CatsUITests/Pods-Purring CatsUITests-frameworks.sh\"\n";
			showEnvVarsInLog = 0;
		};
		35B3F5B917834FA86D2F648C /* [CP] Embed Pods Frameworks */ = {
			isa = PBXShellScriptBuildPhase;
			buildActionMask = 2147483647;
			files = (
			);
			inputPaths = (
			);
			name = "[CP] Embed Pods Frameworks";
			outputPaths = (
			);
			runOnlyForDeploymentPostprocessing = 0;
			shellPath = /bin/sh;
			shellScript = "\"${SRCROOT}/Pods/Target Support Files/Pods-Purring CatsTests/Pods-Purring CatsTests-frameworks.sh\"\n";
			showEnvVarsInLog = 0;
		};
		54CFB29E949AEA91CA08E7C6 /* [CP] Embed Pods Frameworks */ = {
			isa = PBXShellScriptBuildPhase;
			buildActionMask = 2147483647;
			files = (
			);
			inputPaths = (
			);
			name = "[CP] Embed Pods Frameworks";
			outputPaths = (
			);
			runOnlyForDeploymentPostprocessing = 0;
			shellPath = /bin/sh;
			shellScript = "\"${SRCROOT}/Pods/Target Support Files/Pods-Purring Cats/Pods-Purring Cats-frameworks.sh\"\n";
			showEnvVarsInLog = 0;
		};
		5DBF920A4BB62093F61D9C55 /* [CP] Check Pods Manifest.lock */ = {
			isa = PBXShellScriptBuildPhase;
			buildActionMask = 2147483647;
			files = (
			);
			inputPaths = (
			);
			name = "[CP] Check Pods Manifest.lock";
			outputPaths = (
			);
			runOnlyForDeploymentPostprocessing = 0;
			shellPath = /bin/sh;
			shellScript = "diff \"${PODS_PODFILE_DIR_PATH}/Podfile.lock\" \"${PODS_ROOT}/Manifest.lock\" > /dev/null\nif [ $? != 0 ] ; then\n    # print error to STDERR\n    echo \"error: The sandbox is not in sync with the Podfile.lock. Run 'pod install' or update your CocoaPods installation.\" >&2\n    exit 1\nfi\n";
			showEnvVarsInLog = 0;
		};
		5E31BE043B9C4F543BEB4790 /* [CP] Check Pods Manifest.lock */ = {
			isa = PBXShellScriptBuildPhase;
			buildActionMask = 2147483647;
			files = (
			);
			inputPaths = (
			);
			name = "[CP] Check Pods Manifest.lock";
			outputPaths = (
			);
			runOnlyForDeploymentPostprocessing = 0;
			shellPath = /bin/sh;
			shellScript = "diff \"${PODS_PODFILE_DIR_PATH}/Podfile.lock\" \"${PODS_ROOT}/Manifest.lock\" > /dev/null\nif [ $? != 0 ] ; then\n    # print error to STDERR\n    echo \"error: The sandbox is not in sync with the Podfile.lock. Run 'pod install' or update your CocoaPods installation.\" >&2\n    exit 1\nfi\n";
			showEnvVarsInLog = 0;
		};
		8F516CF06C7AB82CAB494BC2 /* [CP] Check Pods Manifest.lock */ = {
			isa = PBXShellScriptBuildPhase;
			buildActionMask = 2147483647;
			files = (
			);
			inputPaths = (
			);
			name = "[CP] Check Pods Manifest.lock";
			outputPaths = (
			);
			runOnlyForDeploymentPostprocessing = 0;
			shellPath = /bin/sh;
			shellScript = "diff \"${PODS_PODFILE_DIR_PATH}/Podfile.lock\" \"${PODS_ROOT}/Manifest.lock\" > /dev/null\nif [ $? != 0 ] ; then\n    # print error to STDERR\n    echo \"error: The sandbox is not in sync with the Podfile.lock. Run 'pod install' or update your CocoaPods installation.\" >&2\n    exit 1\nfi\n";
			showEnvVarsInLog = 0;
		};
		B2DB086D458EE0D6F8E59973 /* [CP] Copy Pods Resources */ = {
			isa = PBXShellScriptBuildPhase;
			buildActionMask = 2147483647;
			files = (
			);
			inputPaths = (
			);
			name = "[CP] Copy Pods Resources";
			outputPaths = (
			);
			runOnlyForDeploymentPostprocessing = 0;
			shellPath = /bin/sh;
			shellScript = "\"${SRCROOT}/Pods/Target Support Files/Pods-Purring Cats/Pods-Purring Cats-resources.sh\"\n";
			showEnvVarsInLog = 0;
		};
		B4A24A219942D35EE8155AF8 /* [CP] Copy Pods Resources */ = {
			isa = PBXShellScriptBuildPhase;
			buildActionMask = 2147483647;
			files = (
			);
			inputPaths = (
			);
			name = "[CP] Copy Pods Resources";
			outputPaths = (
			);
			runOnlyForDeploymentPostprocessing = 0;
			shellPath = /bin/sh;
			shellScript = "\"${SRCROOT}/Pods/Target Support Files/Pods-Purring CatsUITests/Pods-Purring CatsUITests-resources.sh\"\n";
			showEnvVarsInLog = 0;
		};
		DE4F40D4E23AEADE2E97C1B8 /* [CP] Copy Pods Resources */ = {
			isa = PBXShellScriptBuildPhase;
			buildActionMask = 2147483647;
			files = (
			);
			inputPaths = (
			);
			name = "[CP] Copy Pods Resources";
			outputPaths = (
			);
			runOnlyForDeploymentPostprocessing = 0;
			shellPath = /bin/sh;
			shellScript = "\"${SRCROOT}/Pods/Target Support Files/Pods-Purring CatsTests/Pods-Purring CatsTests-resources.sh\"\n";
			showEnvVarsInLog = 0;
		};
/* End PBXShellScriptBuildPhase section */

/* Begin PBXSourcesBuildPhase section */
		22366A661F2AE95500A98F5F /* Sources */ = {
			isa = PBXSourcesBuildPhase;
			buildActionMask = 2147483647;
			files = (
				22366A701F2AE95500A98F5F /* ViewController.swift in Sources */,
				22366A761F2AE95500A98F5F /* Purring_Cats.xcdatamodeld in Sources */,
				22366A6E1F2AE95500A98F5F /* AppDelegate.swift in Sources */,
			);
			runOnlyForDeploymentPostprocessing = 0;
		};
		22366A7D1F2AE95500A98F5F /* Sources */ = {
			isa = PBXSourcesBuildPhase;
			buildActionMask = 2147483647;
			files = (
				22366A861F2AE95500A98F5F /* Purring_CatsTests.swift in Sources */,
			);
			runOnlyForDeploymentPostprocessing = 0;
		};
		22366A881F2AE95500A98F5F /* Sources */ = {
			isa = PBXSourcesBuildPhase;
			buildActionMask = 2147483647;
			files = (
				22366A911F2AE95500A98F5F /* Purring_CatsUITests.swift in Sources */,
			);
			runOnlyForDeploymentPostprocessing = 0;
		};
/* End PBXSourcesBuildPhase section */

/* Begin PBXTargetDependency section */
		22366A831F2AE95500A98F5F /* PBXTargetDependency */ = {
			isa = PBXTargetDependency;
			target = 22366A691F2AE95500A98F5F /* Purring Cats */;
			targetProxy = 22366A821F2AE95500A98F5F /* PBXContainerItemProxy */;
		};
		22366A8E1F2AE95500A98F5F /* PBXTargetDependency */ = {
			isa = PBXTargetDependency;
			target = 22366A691F2AE95500A98F5F /* Purring Cats */;
			targetProxy = 22366A8D1F2AE95500A98F5F /* PBXContainerItemProxy */;
		};
/* End PBXTargetDependency section */

/* Begin PBXVariantGroup section */
		22366A711F2AE95500A98F5F /* Main.storyboard */ = {
			isa = PBXVariantGroup;
			children = (
				22366A721F2AE95500A98F5F /* Base */,
			);
			name = Main.storyboard;
			sourceTree = "<group>";
		};
		22366A791F2AE95500A98F5F /* LaunchScreen.storyboard */ = {
			isa = PBXVariantGroup;
			children = (
				22366A7A1F2AE95500A98F5F /* Base */,
			);
			name = LaunchScreen.storyboard;
			sourceTree = "<group>";
		};
/* End PBXVariantGroup section */

/* Begin XCBuildConfiguration section */
		22366A931F2AE95500A98F5F /* Debug */ = {
			isa = XCBuildConfiguration;
			buildSettings = {
				ALWAYS_SEARCH_USER_PATHS = NO;
				CLANG_ANALYZER_NONNULL = YES;
				CLANG_ANALYZER_NUMBER_OBJECT_CONVERSION = YES_AGGRESSIVE;
				CLANG_CXX_LANGUAGE_STANDARD = "gnu++0x";
				CLANG_CXX_LIBRARY = "libc++";
				CLANG_ENABLE_MODULES = YES;
				CLANG_ENABLE_OBJC_ARC = YES;
				CLANG_WARN_BOOL_CONVERSION = YES;
				CLANG_WARN_CONSTANT_CONVERSION = YES;
				CLANG_WARN_DIRECT_OBJC_ISA_USAGE = YES_ERROR;
				CLANG_WARN_DOCUMENTATION_COMMENTS = YES;
				CLANG_WARN_EMPTY_BODY = YES;
				CLANG_WARN_ENUM_CONVERSION = YES;
				CLANG_WARN_INFINITE_RECURSION = YES;
				CLANG_WARN_INT_CONVERSION = YES;
				CLANG_WARN_OBJC_ROOT_CLASS = YES_ERROR;
				CLANG_WARN_SUSPICIOUS_MOVE = YES;
				CLANG_WARN_UNREACHABLE_CODE = YES;
				CLANG_WARN__DUPLICATE_METHOD_MATCH = YES;
				"CODE_SIGN_IDENTITY[sdk=iphoneos*]" = "iPhone Developer";
				COPY_PHASE_STRIP = NO;
				DEBUG_INFORMATION_FORMAT = dwarf;
				ENABLE_STRICT_OBJC_MSGSEND = YES;
				ENABLE_TESTABILITY = YES;
				GCC_C_LANGUAGE_STANDARD = gnu99;
				GCC_DYNAMIC_NO_PIC = NO;
				GCC_NO_COMMON_BLOCKS = YES;
				GCC_OPTIMIZATION_LEVEL = 0;
				GCC_PREPROCESSOR_DEFINITIONS = (
					"DEBUG=1",
					"$(inherited)",
				);
				GCC_WARN_64_TO_32_BIT_CONVERSION = YES;
				GCC_WARN_ABOUT_RETURN_TYPE = YES_ERROR;
				GCC_WARN_UNDECLARED_SELECTOR = YES;
				GCC_WARN_UNINITIALIZED_AUTOS = YES_AGGRESSIVE;
				GCC_WARN_UNUSED_FUNCTION = YES;
				GCC_WARN_UNUSED_VARIABLE = YES;
				IPHONEOS_DEPLOYMENT_TARGET = 10.3;
				MTL_ENABLE_DEBUG_INFO = YES;
				ONLY_ACTIVE_ARCH = YES;
				SDKROOT = iphoneos;
				SWIFT_ACTIVE_COMPILATION_CONDITIONS = DEBUG;
				SWIFT_OPTIMIZATION_LEVEL = "-Onone";
				TARGETED_DEVICE_FAMILY = "1,2";
			};
			name = Debug;
		};
		22366A941F2AE95500A98F5F /* Release */ = {
			isa = XCBuildConfiguration;
			buildSettings = {
				ALWAYS_SEARCH_USER_PATHS = NO;
				CLANG_ANALYZER_NONNULL = YES;
				CLANG_ANALYZER_NUMBER_OBJECT_CONVERSION = YES_AGGRESSIVE;
				CLANG_CXX_LANGUAGE_STANDARD = "gnu++0x";
				CLANG_CXX_LIBRARY = "libc++";
				CLANG_ENABLE_MODULES = YES;
				CLANG_ENABLE_OBJC_ARC = YES;
				CLANG_WARN_BOOL_CONVERSION = YES;
				CLANG_WARN_CONSTANT_CONVERSION = YES;
				CLANG_WARN_DIRECT_OBJC_ISA_USAGE = YES_ERROR;
				CLANG_WARN_DOCUMENTATION_COMMENTS = YES;
				CLANG_WARN_EMPTY_BODY = YES;
				CLANG_WARN_ENUM_CONVERSION = YES;
				CLANG_WARN_INFINITE_RECURSION = YES;
				CLANG_WARN_INT_CONVERSION = YES;
				CLANG_WARN_OBJC_ROOT_CLASS = YES_ERROR;
				CLANG_WARN_SUSPICIOUS_MOVE = YES;
				CLANG_WARN_UNREACHABLE_CODE = YES;
				CLANG_WARN__DUPLICATE_METHOD_MATCH = YES;
				"CODE_SIGN_IDENTITY[sdk=iphoneos*]" = "iPhone Developer";
				COPY_PHASE_STRIP = NO;
				DEBUG_INFORMATION_FORMAT = "dwarf-with-dsym";
				ENABLE_NS_ASSERTIONS = NO;
				ENABLE_STRICT_OBJC_MSGSEND = YES;
				GCC_C_LANGUAGE_STANDARD = gnu99;
				GCC_NO_COMMON_BLOCKS = YES;
				GCC_WARN_64_TO_32_BIT_CONVERSION = YES;
				GCC_WARN_ABOUT_RETURN_TYPE = YES_ERROR;
				GCC_WARN_UNDECLARED_SELECTOR = YES;
				GCC_WARN_UNINITIALIZED_AUTOS = YES_AGGRESSIVE;
				GCC_WARN_UNUSED_FUNCTION = YES;
				GCC_WARN_UNUSED_VARIABLE = YES;
				IPHONEOS_DEPLOYMENT_TARGET = 10.3;
				MTL_ENABLE_DEBUG_INFO = NO;
				SDKROOT = iphoneos;
				SWIFT_OPTIMIZATION_LEVEL = "-Owholemodule";
				TARGETED_DEVICE_FAMILY = "1,2";
				VALIDATE_PRODUCT = YES;
			};
			name = Release;
		};
		22366A961F2AE95500A98F5F /* Debug */ = {
			isa = XCBuildConfiguration;
			baseConfigurationReference = 43447D61BC0233B6F294ADAD /* Pods-Purring Cats.debug.xcconfig */;
			buildSettings = {
				ASSETCATALOG_COMPILER_APPICON_NAME = AppIcon;
				INFOPLIST_FILE = "Purring Cats/Info.plist";
				LD_RUNPATH_SEARCH_PATHS = "$(inherited) @executable_path/Frameworks";
				PRODUCT_BUNDLE_IDENTIFIER = "com.makeschool.Purring-Cats";
				PRODUCT_NAME = "$(TARGET_NAME)";
				SWIFT_VERSION = 3.0;
			};
			name = Debug;
		};
		22366A971F2AE95500A98F5F /* Release */ = {
			isa = XCBuildConfiguration;
			baseConfigurationReference = 0ED952C81E51F2C3E954F84E /* Pods-Purring Cats.release.xcconfig */;
			buildSettings = {
				ASSETCATALOG_COMPILER_APPICON_NAME = AppIcon;
				INFOPLIST_FILE = "Purring Cats/Info.plist";
				LD_RUNPATH_SEARCH_PATHS = "$(inherited) @executable_path/Frameworks";
				PRODUCT_BUNDLE_IDENTIFIER = "com.makeschool.Purring-Cats";
				PRODUCT_NAME = "$(TARGET_NAME)";
				SWIFT_VERSION = 3.0;
			};
			name = Release;
		};
		22366A991F2AE95500A98F5F /* Debug */ = {
			isa = XCBuildConfiguration;
			baseConfigurationReference = ECB984B04B1179C5688ADE83 /* Pods-Purring CatsTests.debug.xcconfig */;
			buildSettings = {
				ALWAYS_EMBED_SWIFT_STANDARD_LIBRARIES = YES;
				BUNDLE_LOADER = "$(TEST_HOST)";
				INFOPLIST_FILE = "Purring CatsTests/Info.plist";
				LD_RUNPATH_SEARCH_PATHS = "$(inherited) @executable_path/Frameworks @loader_path/Frameworks";
				PRODUCT_BUNDLE_IDENTIFIER = "com.makeschool.Purring-CatsTests";
				PRODUCT_NAME = "$(TARGET_NAME)";
				SWIFT_VERSION = 3.0;
				TEST_HOST = "$(BUILT_PRODUCTS_DIR)/Purring Cats.app/Purring Cats";
			};
			name = Debug;
		};
		22366A9A1F2AE95500A98F5F /* Release */ = {
			isa = XCBuildConfiguration;
			baseConfigurationReference = DC480F20F21D5EB1B09E37E5 /* Pods-Purring CatsTests.release.xcconfig */;
			buildSettings = {
				ALWAYS_EMBED_SWIFT_STANDARD_LIBRARIES = YES;
				BUNDLE_LOADER = "$(TEST_HOST)";
				INFOPLIST_FILE = "Purring CatsTests/Info.plist";
				LD_RUNPATH_SEARCH_PATHS = "$(inherited) @executable_path/Frameworks @loader_path/Frameworks";
				PRODUCT_BUNDLE_IDENTIFIER = "com.makeschool.Purring-CatsTests";
				PRODUCT_NAME = "$(TARGET_NAME)";
				SWIFT_VERSION = 3.0;
				TEST_HOST = "$(BUILT_PRODUCTS_DIR)/Purring Cats.app/Purring Cats";
			};
			name = Release;
		};
		22366A9C1F2AE95500A98F5F /* Debug */ = {
			isa = XCBuildConfiguration;
			baseConfigurationReference = BD8A4FD971300EB8C6025A44 /* Pods-Purring CatsUITests.debug.xcconfig */;
			buildSettings = {
				ALWAYS_EMBED_SWIFT_STANDARD_LIBRARIES = YES;
				INFOPLIST_FILE = "Purring CatsUITests/Info.plist";
				LD_RUNPATH_SEARCH_PATHS = "$(inherited) @executable_path/Frameworks @loader_path/Frameworks";
				PRODUCT_BUNDLE_IDENTIFIER = "com.makeschool.Purring-CatsUITests";
				PRODUCT_NAME = "$(TARGET_NAME)";
				SWIFT_VERSION = 3.0;
				TEST_TARGET_NAME = "Purring Cats";
			};
			name = Debug;
		};
		22366A9D1F2AE95500A98F5F /* Release */ = {
			isa = XCBuildConfiguration;
			baseConfigurationReference = A2092A85EFAE1CAF2E5727A1 /* Pods-Purring CatsUITests.release.xcconfig */;
			buildSettings = {
				ALWAYS_EMBED_SWIFT_STANDARD_LIBRARIES = YES;
				INFOPLIST_FILE = "Purring CatsUITests/Info.plist";
				LD_RUNPATH_SEARCH_PATHS = "$(inherited) @executable_path/Frameworks @loader_path/Frameworks";
				PRODUCT_BUNDLE_IDENTIFIER = "com.makeschool.Purring-CatsUITests";
				PRODUCT_NAME = "$(TARGET_NAME)";
				SWIFT_VERSION = 3.0;
				TEST_TARGET_NAME = "Purring Cats";
			};
			name = Release;
		};
/* End XCBuildConfiguration section */

/* Begin XCConfigurationList section */
		22366A651F2AE95500A98F5F /* Build configuration list for PBXProject "Purring Cats" */ = {
			isa = XCConfigurationList;
			buildConfigurations = (
				22366A931F2AE95500A98F5F /* Debug */,
				22366A941F2AE95500A98F5F /* Release */,
			);
			defaultConfigurationIsVisible = 0;
			defaultConfigurationName = Release;
		};
		22366A951F2AE95500A98F5F /* Build configuration list for PBXNativeTarget "Purring Cats" */ = {
			isa = XCConfigurationList;
			buildConfigurations = (
				22366A961F2AE95500A98F5F /* Debug */,
				22366A971F2AE95500A98F5F /* Release */,
			);
			defaultConfigurationIsVisible = 0;
		};
		22366A981F2AE95500A98F5F /* Build configuration list for PBXNativeTarget "Purring CatsTests" */ = {
			isa = XCConfigurationList;
			buildConfigurations = (
				22366A991F2AE95500A98F5F /* Debug */,
				22366A9A1F2AE95500A98F5F /* Release */,
			);
			defaultConfigurationIsVisible = 0;
		};
		22366A9B1F2AE95500A98F5F /* Build configuration list for PBXNativeTarget "Purring CatsUITests" */ = {
			isa = XCConfigurationList;
			buildConfigurations = (
				22366A9C1F2AE95500A98F5F /* Debug */,
				22366A9D1F2AE95500A98F5F /* Release */,
			);
			defaultConfigurationIsVisible = 0;
		};
/* End XCConfigurationList section */

/* Begin XCVersionGroup section */
		22366A741F2AE95500A98F5F /* Purring_Cats.xcdatamodeld */ = {
			isa = XCVersionGroup;
			children = (
				22366A751F2AE95500A98F5F /* Purring_Cats.xcdatamodel */,
			);
			currentVersion = 22366A751F2AE95500A98F5F /* Purring_Cats.xcdatamodel */;
			path = Purring_Cats.xcdatamodeld;
			sourceTree = "<group>";
			versionGroupType = wrapper.xcdatamodel;
		};
/* End XCVersionGroup section */
	};
	rootObject = 22366A621F2AE95500A98F5F /* Project object */;
}
